
Microsoft Visual Studio Solution File, Format Version 12.00
# Visual Studio Version 17
VisualStudioVersion = 17.0.31903.59
MinimumVisualStudioVersion = 10.0.40219.1
Project("{2150E333-8FDC-42A3-9474-1A3956D46DE8}") = "src", "src", "{827E0CD3-B72D-47B6-A68D-7590B98EB39B}"
EndProject
Project("{FAE04EC0-301F-11D3-BF4B-00C04F79EFBC}") = "QueryBuilder.Domain", "src\QueryBuilder.Domain\QueryBuilder.Domain.csproj", "{90AFA3C4-603A-4B55-B2E3-124F9ACEB04D}"
EndProject
Project("{FAE04EC0-301F-11D3-BF4B-00C04F79EFBC}") = "QueryBuilder.Api", "src\QueryBuilder.Api\QueryBuilder.Api.csproj", "{0FE45B5F-6F7F-4BD8-881D-9B00763AD1D7}"
EndProject
Project("{FAE04EC0-301F-11D3-BF4B-00C04F79EFBC}") = "QueryBuilder.Infra.Data", "src\QueryBuilder.Infra.Data\QueryBuilder.Infra.Data.csproj", "{CCE8AE49-1032-4116-A30A-EC34752A3147}"
EndProject
Project("{FAE04EC0-301F-11D3-BF4B-00C04F79EFBC}") = "QueryBuilder.Infra.Externals", "src\QueryBuilder.Infra.Externals\QueryBuilder.Infra.Externals.csproj", "{298C1A5A-93D9-434B-9330-906BDE62592D}"
EndProject
Project("{FAE04EC0-301F-11D3-BF4B-00C04F79EFBC}") = "QueryBuilder.Infra.CrossCutting", "src\QueryBuilder.Infra.CrossCutting\QueryBuilder.Infra.CrossCutting.csproj", "{E08CCB83-6977-4144-BC0C-E18BF753E1FB}"
EndProject
Project("{FAE04EC0-301F-11D3-BF4B-00C04F79EFBC}") = "QueryBuilder.Infra.CrossCutting.IoC", "src\QueryBuilder.Infra.CrossCutting.IoC\QueryBuilder.Infra.CrossCutting.IoC.csproj", "{6499AFEB-7AD5-44D7-8C73-C7BB5D793BC5}"
EndProject
Global
	GlobalSection(SolutionConfigurationPlatforms) = preSolution
		Debug|Any CPU = Debug|Any CPU
		Debug|x64 = Debug|x64
		Debug|x86 = Debug|x86
		Release|Any CPU = Release|Any CPU
		Release|x64 = Release|x64
		Release|x86 = Release|x86
	EndGlobalSection
	GlobalSection(ProjectConfigurationPlatforms) = postSolution
		{90AFA3C4-603A-4B55-B2E3-124F9ACEB04D}.Debug|Any CPU.ActiveCfg = Debug|Any CPU
		{90AFA3C4-603A-4B55-B2E3-124F9ACEB04D}.Debug|Any CPU.Build.0 = Debug|Any CPU
		{90AFA3C4-603A-4B55-B2E3-124F9ACEB04D}.Debug|x64.ActiveCfg = Debug|Any CPU
		{90AFA3C4-603A-4B55-B2E3-124F9ACEB04D}.Debug|x64.Build.0 = Debug|Any CPU
		{90AFA3C4-603A-4B55-B2E3-124F9ACEB04D}.Debug|x86.ActiveCfg = Debug|Any CPU
		{90AFA3C4-603A-4B55-B2E3-124F9ACEB04D}.Debug|x86.Build.0 = Debug|Any CPU
		{90AFA3C4-603A-4B55-B2E3-124F9ACEB04D}.Release|Any CPU.ActiveCfg = Release|Any CPU
		{90AFA3C4-603A-4B55-B2E3-124F9ACEB04D}.Release|Any CPU.Build.0 = Release|Any CPU
		{90AFA3C4-603A-4B55-B2E3-124F9ACEB04D}.Release|x64.ActiveCfg = Release|Any CPU
		{90AFA3C4-603A-4B55-B2E3-124F9ACEB04D}.Release|x64.Build.0 = Release|Any CPU
		{90AFA3C4-603A-4B55-B2E3-124F9ACEB04D}.Release|x86.ActiveCfg = Release|Any CPU
		{90AFA3C4-603A-4B55-B2E3-124F9ACEB04D}.Release|x86.Build.0 = Release|Any CPU
		{0FE45B5F-6F7F-4BD8-881D-9B00763AD1D7}.Debug|Any CPU.ActiveCfg = Debug|Any CPU
		{0FE45B5F-6F7F-4BD8-881D-9B00763AD1D7}.Debug|Any CPU.Build.0 = Debug|Any CPU
		{0FE45B5F-6F7F-4BD8-881D-9B00763AD1D7}.Debug|x64.ActiveCfg = Debug|Any CPU
		{0FE45B5F-6F7F-4BD8-881D-9B00763AD1D7}.Debug|x64.Build.0 = Debug|Any CPU
		{0FE45B5F-6F7F-4BD8-881D-9B00763AD1D7}.Debug|x86.ActiveCfg = Debug|Any CPU
		{0FE45B5F-6F7F-4BD8-881D-9B00763AD1D7}.Debug|x86.Build.0 = Debug|Any CPU
		{0FE45B5F-6F7F-4BD8-881D-9B00763AD1D7}.Release|Any CPU.ActiveCfg = Release|Any CPU
		{0FE45B5F-6F7F-4BD8-881D-9B00763AD1D7}.Release|Any CPU.Build.0 = Release|Any CPU
		{0FE45B5F-6F7F-4BD8-881D-9B00763AD1D7}.Release|x64.ActiveCfg = Release|Any CPU
		{0FE45B5F-6F7F-4BD8-881D-9B00763AD1D7}.Release|x64.Build.0 = Release|Any CPU
		{0FE45B5F-6F7F-4BD8-881D-9B00763AD1D7}.Release|x86.ActiveCfg = Release|Any CPU
		{0FE45B5F-6F7F-4BD8-881D-9B00763AD1D7}.Release|x86.Build.0 = Release|Any CPU
		{CCE8AE49-1032-4116-A30A-EC34752A3147}.Debug|Any CPU.ActiveCfg = Debug|Any CPU
		{CCE8AE49-1032-4116-A30A-EC34752A3147}.Debug|Any CPU.Build.0 = Debug|Any CPU
		{CCE8AE49-1032-4116-A30A-EC34752A3147}.Debug|x64.ActiveCfg = Debug|Any CPU
		{CCE8AE49-1032-4116-A30A-EC34752A3147}.Debug|x64.Build.0 = Debug|Any CPU
		{CCE8AE49-1032-4116-A30A-EC34752A3147}.Debug|x86.ActiveCfg = Debug|Any CPU
		{CCE8AE49-1032-4116-A30A-EC34752A3147}.Debug|x86.Build.0 = Debug|Any CPU
		{CCE8AE49-1032-4116-A30A-EC34752A3147}.Release|Any CPU.ActiveCfg = Release|Any CPU
		{CCE8AE49-1032-4116-A30A-EC34752A3147}.Release|Any CPU.Build.0 = Release|Any CPU
		{CCE8AE49-1032-4116-A30A-EC34752A3147}.Release|x64.ActiveCfg = Release|Any CPU
		{CCE8AE49-1032-4116-A30A-EC34752A3147}.Release|x64.Build.0 = Release|Any CPU
		{CCE8AE49-1032-4116-A30A-EC34752A3147}.Release|x86.ActiveCfg = Release|Any CPU
		{CCE8AE49-1032-4116-A30A-EC34752A3147}.Release|x86.Build.0 = Release|Any CPU
		{298C1A5A-93D9-434B-9330-906BDE62592D}.Debug|Any CPU.ActiveCfg = Debug|Any CPU
		{298C1A5A-93D9-434B-9330-906BDE62592D}.Debug|Any CPU.Build.0 = Debug|Any CPU
		{298C1A5A-93D9-434B-9330-906BDE62592D}.Debug|x64.ActiveCfg = Debug|Any CPU
		{298C1A5A-93D9-434B-9330-906BDE62592D}.Debug|x64.Build.0 = Debug|Any CPU
		{298C1A5A-93D9-434B-9330-906BDE62592D}.Debug|x86.ActiveCfg = Debug|Any CPU
		{298C1A5A-93D9-434B-9330-906BDE62592D}.Debug|x86.Build.0 = Debug|Any CPU
		{298C1A5A-93D9-434B-9330-906BDE62592D}.Release|Any CPU.ActiveCfg = Release|Any CPU
		{298C1A5A-93D9-434B-9330-906BDE62592D}.Release|Any CPU.Build.0 = Release|Any CPU
		{298C1A5A-93D9-434B-9330-906BDE62592D}.Release|x64.ActiveCfg = Release|Any CPU
		{298C1A5A-93D9-434B-9330-906BDE62592D}.Release|x64.Build.0 = Release|Any CPU
		{298C1A5A-93D9-434B-9330-906BDE62592D}.Release|x86.ActiveCfg = Release|Any CPU
		{298C1A5A-93D9-434B-9330-906BDE62592D}.Release|x86.Build.0 = Release|Any CPU
		{E08CCB83-6977-4144-BC0C-E18BF753E1FB}.Debug|Any CPU.ActiveCfg = Debug|Any CPU
		{E08CCB83-6977-4144-BC0C-E18BF753E1FB}.Debug|Any CPU.Build.0 = Debug|Any CPU
		{E08CCB83-6977-4144-BC0C-E18BF753E1FB}.Debug|x64.ActiveCfg = Debug|Any CPU
		{E08CCB83-6977-4144-BC0C-E18BF753E1FB}.Debug|x64.Build.0 = Debug|Any CPU
		{E08CCB83-6977-4144-BC0C-E18BF753E1FB}.Debug|x86.ActiveCfg = Debug|Any CPU
		{E08CCB83-6977-4144-BC0C-E18BF753E1FB}.Debug|x86.Build.0 = Debug|Any CPU
		{E08CCB83-6977-4144-BC0C-E18BF753E1FB}.Release|Any CPU.ActiveCfg = Release|Any CPU
		{E08CCB83-6977-4144-BC0C-E18BF753E1FB}.Release|Any CPU.Build.0 = Release|Any CPU
		{E08CCB83-6977-4144-BC0C-E18BF753E1FB}.Release|x64.ActiveCfg = Release|Any CPU
		{E08CCB83-6977-4144-BC0C-E18BF753E1FB}.Release|x64.Build.0 = Release|Any CPU
		{E08CCB83-6977-4144-BC0C-E18BF753E1FB}.Release|x86.ActiveCfg = Release|Any CPU
		{E08CCB83-6977-4144-BC0C-E18BF753E1FB}.Release|x86.Build.0 = Release|Any CPU
		{6499AFEB-7AD5-44D7-8C73-C7BB5D793BC5}.Debug|Any CPU.ActiveCfg = Debug|Any CPU
		{6499AFEB-7AD5-44D7-8C73-C7BB5D793BC5}.Debug|Any CPU.Build.0 = Debug|Any CPU
		{6499AFEB-7AD5-44D7-8C73-C7BB5D793BC5}.Debug|x64.ActiveCfg = Debug|Any CPU
		{6499AFEB-7AD5-44D7-8C73-C7BB5D793BC5}.Debug|x64.Build.0 = Debug|Any CPU
		{6499AFEB-7AD5-44D7-8C73-C7BB5D793BC5}.Debug|x86.ActiveCfg = Debug|Any CPU
		{6499AFEB-7AD5-44D7-8C73-C7BB5D793BC5}.Debug|x86.Build.0 = Debug|Any CPU
		{6499AFEB-7AD5-44D7-8C73-C7BB5D793BC5}.Release|Any CPU.ActiveCfg = Release|Any CPU
		{6499AFEB-7AD5-44D7-8C73-C7BB5D793BC5}.Release|Any CPU.Build.0 = Release|Any CPU
		{6499AFEB-7AD5-44D7-8C73-C7BB5D793BC5}.Release|x64.ActiveCfg = Release|Any CPU
		{6499AFEB-7AD5-44D7-8C73-C7BB5D793BC5}.Release|x64.Build.0 = Release|Any CPU
		{6499AFEB-7AD5-44D7-8C73-C7BB5D793BC5}.Release|x86.ActiveCfg = Release|Any CPU
		{6499AFEB-7AD5-44D7-8C73-C7BB5D793BC5}.Release|x86.Build.0 = Release|Any CPU
	EndGlobalSection
	GlobalSection(SolutionProperties) = preSolution
		HideSolutionNode = FALSE
	EndGlobalSection
	GlobalSection(NestedProjects) = preSolution
		{90AFA3C4-603A-4B55-B2E3-124F9ACEB04D} = {827E0CD3-B72D-47B6-A68D-7590B98EB39B}
		{0FE45B5F-6F7F-4BD8-881D-9B00763AD1D7} = {827E0CD3-B72D-47B6-A68D-7590B98EB39B}
		{CCE8AE49-1032-4116-A30A-EC34752A3147} = {827E0CD3-B72D-47B6-A68D-7590B98EB39B}
		{298C1A5A-93D9-434B-9330-906BDE62592D} = {827E0CD3-B72D-47B6-A68D-7590B98EB39B}
		{E08CCB83-6977-4144-BC0C-E18BF753E1FB} = {827E0CD3-B72D-47B6-A68D-7590B98EB39B}
		{6499AFEB-7AD5-44D7-8C73-C7BB5D793BC5} = {827E0CD3-B72D-47B6-A68D-7590B98EB39B}
	EndGlobalSection
EndGlobal
